
Microsoft Visual Studio Solution File, Format Version 12.00
# Visual Studio Version 16
VisualStudioVersion = 16.0.30717.126
MinimumVisualStudioVersion = 10.0.40219.1
Project("{888888A0-9F3D-457C-B088-3A5042F75D52}") = "CaptureForMaixbit", "CaptureForMaixbit\CaptureForMaixbit.pyproj", "{E59AAE16-B55A-4B30-9BBD-B10E0EE3A918}"
EndProject
Global
	GlobalSection(SolutionConfigurationPlatforms) = preSolution
		Debug|Any CPU = Debug|Any CPU
		Release|Any CPU = Release|Any CPU
	EndGlobalSection
	GlobalSection(ProjectConfigurationPlatforms) = postSolution
		{E59AAE16-B55A-4B30-9BBD-B10E0EE3A918}.Debug|Any CPU.ActiveCfg = Debug|Any CPU
		{E59AAE16-B55A-4B30-9BBD-B10E0EE3A918}.Release|Any CPU.ActiveCfg = Release|Any CPU
	EndGlobalSection
	GlobalSection(SolutionProperties) = preSolution
		HideSolutionNode = FALSE
	EndGlobalSection
	GlobalSection(ExtensibilityGlobals) = postSolution
		SolutionGuid = {E976C7A4-586C-45BB-B324-9A4528DAAB49}
	EndGlobalSection
EndGlobal
